
Microsoft Visual Studio Solution File, Format Version 12.00
# Visual Studio 15
VisualStudioVersion = 15.0.28307.106
MinimumVisualStudioVersion = 10.0.40219.1
Project("{FAE04EC0-301F-11D3-BF4B-00C04F79EFBC}") = "Oil system1", "Oil system1\Oil system1.csproj", "{736478AA-273B-4254-A1FE-3A36EC82E797}"
EndProject
Global
	GlobalSection(SolutionConfigurationPlatforms) = preSolution
		Debug|Any CPU = Debug|Any CPU
		Release|Any CPU = Release|Any CPU
	EndGlobalSection
	GlobalSection(ProjectConfigurationPlatforms) = postSolution
		{736478AA-273B-4254-A1FE-3A36EC82E797}.Debug|Any CPU.ActiveCfg = Debug|Any CPU
		{736478AA-273B-4254-A1FE-3A36EC82E797}.Debug|Any CPU.Build.0 = Debug|Any CPU
		{736478AA-273B-4254-A1FE-3A36EC82E797}.Release|Any CPU.ActiveCfg = Release|Any CPU
		{736478AA-273B-4254-A1FE-3A36EC82E797}.Release|Any CPU.Build.0 = Release|Any CPU
	EndGlobalSection
	GlobalSection(SolutionProperties) = preSolution
		HideSolutionNode = FALSE
	EndGlobalSection
	GlobalSection(ExtensibilityGlobals) = postSolution
		SolutionGuid = {62C3EA5A-165F-4DB2-AEB3-5FDA6C08533A}
	EndGlobalSection
EndGlobal
